
Microsoft Visual Studio Solution File, Format Version 12.00
# Visual Studio Version 17
VisualStudioVersion = 17.8.34330.188
MinimumVisualStudioVersion = 10.0.40219.1
Project("{FAE04EC0-301F-11D3-BF4B-00C04F79EFBC}") = "OnlineKart", "OnlineKart\OnlineKart.csproj", "{DFE5DF0F-6FA0-485E-8F12-6BAB30BF6D80}"
EndProject
Global
	GlobalSection(SolutionConfigurationPlatforms) = preSolution
		Debug|Any CPU = Debug|Any CPU
		Release|Any CPU = Release|Any CPU
	EndGlobalSection
	GlobalSection(ProjectConfigurationPlatforms) = postSolution
		{DFE5DF0F-6FA0-485E-8F12-6BAB30BF6D80}.Debug|Any CPU.ActiveCfg = Debug|Any CPU
		{DFE5DF0F-6FA0-485E-8F12-6BAB30BF6D80}.Debug|Any CPU.Build.0 = Debug|Any CPU
		{DFE5DF0F-6FA0-485E-8F12-6BAB30BF6D80}.Release|Any CPU.ActiveCfg = Release|Any CPU
		{DFE5DF0F-6FA0-485E-8F12-6BAB30BF6D80}.Release|Any CPU.Build.0 = Release|Any CPU
	EndGlobalSection
	GlobalSection(SolutionProperties) = preSolution
		HideSolutionNode = FALSE
	EndGlobalSection
	GlobalSection(ExtensibilityGlobals) = postSolution
		SolutionGuid = {BA067D71-F775-4EDE-B77A-2E534DDFADCC}
	EndGlobalSection
EndGlobal
